
Microsoft Visual Studio Solution File, Format Version 12.00
# Visual Studio Version 17
VisualStudioVersion = 17.1.32210.238
MinimumVisualStudioVersion = 10.0.40219.1
Project("{9A19103F-16F7-4668-BE54-9A1E7A4F7556}") = "SKLEP", "SKLEP\SKLEP.csproj", "{490B966E-AC3E-4796-BC49-C19AF66BF0B8}"
EndProject
Global
	GlobalSection(SolutionConfigurationPlatforms) = preSolution
		Debug|Any CPU = Debug|Any CPU
		Release|Any CPU = Release|Any CPU
	EndGlobalSection
	GlobalSection(ProjectConfigurationPlatforms) = postSolution
		{490B966E-AC3E-4796-BC49-C19AF66BF0B8}.Debug|Any CPU.ActiveCfg = Debug|Any CPU
		{490B966E-AC3E-4796-BC49-C19AF66BF0B8}.Debug|Any CPU.Build.0 = Debug|Any CPU
		{490B966E-AC3E-4796-BC49-C19AF66BF0B8}.Release|Any CPU.ActiveCfg = Release|Any CPU
		{490B966E-AC3E-4796-BC49-C19AF66BF0B8}.Release|Any CPU.Build.0 = Release|Any CPU
	EndGlobalSection
	GlobalSection(SolutionProperties) = preSolution
		HideSolutionNode = FALSE
	EndGlobalSection
	GlobalSection(ExtensibilityGlobals) = postSolution
		SolutionGuid = {DD24F041-816E-4A66-80D7-6067EA4ADEE4}
	EndGlobalSection
EndGlobal
